
Microsoft Visual Studio Solution File, Format Version 12.00
# Visual Studio Version 17
VisualStudioVersion = 17.7.34221.43
MinimumVisualStudioVersion = 10.0.40219.1
Project("{FAE04EC0-301F-11D3-BF4B-00C04F79EFBC}") = "MedicalPlus", "MedicalPlus.csproj", "{E3DDC440-28AB-4A9D-B2A9-92A45EA05E5F}"
EndProject
Global
	GlobalSection(SolutionConfigurationPlatforms) = preSolution
		Debug|Any CPU = Debug|Any CPU
		Release|Any CPU = Release|Any CPU
	EndGlobalSection
	GlobalSection(ProjectConfigurationPlatforms) = postSolution
		{E3DDC440-28AB-4A9D-B2A9-92A45EA05E5F}.Debug|Any CPU.ActiveCfg = Debug|Any CPU
		{E3DDC440-28AB-4A9D-B2A9-92A45EA05E5F}.Debug|Any CPU.Build.0 = Debug|Any CPU
		{E3DDC440-28AB-4A9D-B2A9-92A45EA05E5F}.Release|Any CPU.ActiveCfg = Release|Any CPU
		{E3DDC440-28AB-4A9D-B2A9-92A45EA05E5F}.Release|Any CPU.Build.0 = Release|Any CPU
	EndGlobalSection
	GlobalSection(SolutionProperties) = preSolution
		HideSolutionNode = FALSE
	EndGlobalSection
	GlobalSection(ExtensibilityGlobals) = postSolution
		SolutionGuid = {C7C7C6C0-871F-4E57-AF35-3550B042006B}
	EndGlobalSection
EndGlobal
